<Solution>
  <Folder Name="/Samples/">
    <Project Path="Samples/SampleCommands/SampleCommands.csproj" />
  </Folder>
  <Folder Name="/Solution Items/">
    <File Path=".editorconfig" />
    <File Path="Directory.Build.props" />
    <File Path="README.md" />
  </Folder>
  <Project Path="Source/InventorAddinManager/InventorAddinManager.csproj" />
  <Project Path="Source/InventorAddinManager.Loader/InventorAddinManager.Loader.csproj" />
</Solution>
